// !$*UTF8*$!
{
	archiveVersion = 1;
	classes = {
	};
	objectVersion = 55;
	objects = {

/* Begin PBXBuildFile section */
		3279F26F27810C57000482B6 /* Intents.framework in Frameworks */ = {isa = PBXBuildFile; fileRef = 32D5BD2D2780C81E00421102 /* Intents.framework */; };
		3279F27227820D24000482B6 /* TimeIntervalSinceHandler.swift in Sources */ = {isa = PBXBuildFile; fileRef = 3279F27127820D24000482B6 /* TimeIntervalSinceHandler.swift */; };
		3279F275278215C5000482B6 /* URLQueryIntentHandler.swift in Sources */ = {isa = PBXBuildFile; fileRef = 3279F274278215C5000482B6 /* URLQueryIntentHandler.swift */; };
		3284B996278792BB00D79EB8 /* MainApplication in Frameworks */ = {isa = PBXBuildFile; productRef = 3284B995278792BB00D79EB8 /* MainApplication */; };
		32D17B782780CDB100BFB702 /* Intents.framework in Frameworks */ = {isa = PBXBuildFile; fileRef = 32D5BD2D2780C81E00421102 /* Intents.framework */; };
		32D17B8E2781038600BFB702 /* UUIDIntentHandlerTests.swift in Sources */ = {isa = PBXBuildFile; fileRef = 32D5BD462780CAB900421102 /* UUIDIntentHandlerTests.swift */; };
		32D17B902781044500BFB702 /* IntentsUseCases in Frameworks */ = {isa = PBXBuildFile; productRef = 32D17B8F2781044500BFB702 /* IntentsUseCases */; };
		32D17B922781059000BFB702 /* IntentsUseCases in Frameworks */ = {isa = PBXBuildFile; productRef = 32D17B912781059000BFB702 /* IntentsUseCases */; };
		32D17B962781077100BFB702 /* IntentsDefinition.intentdefinition in Sources */ = {isa = PBXBuildFile; fileRef = 32D5BD3C2780C8AB00421102 /* IntentsDefinition.intentdefinition */; };
		32D5BCFC2780C5B200421102 /* OpenActionsApp.swift in Sources */ = {isa = PBXBuildFile; fileRef = 32D5BCFB2780C5B200421102 /* OpenActionsApp.swift */; };
		32D5BD002780C5B300421102 /* Assets.xcassets in Resources */ = {isa = PBXBuildFile; fileRef = 32D5BCFF2780C5B300421102 /* Assets.xcassets */; };
		32D5BD032780C5B300421102 /* Preview Assets.xcassets in Resources */ = {isa = PBXBuildFile; fileRef = 32D5BD022780C5B300421102 /* Preview Assets.xcassets */; };
		32D5BD312780C81E00421102 /* IntentHandler.swift in Sources */ = {isa = PBXBuildFile; fileRef = 32D5BD302780C81E00421102 /* IntentHandler.swift */; };
		32D5BD352780C81E00421102 /* IntentsExtension.appex in Embed App Extensions */ = {isa = PBXBuildFile; fileRef = 32D5BD2B2780C81E00421102 /* IntentsExtension.appex */; settings = {ATTRIBUTES = (RemoveHeadersOnCopy, ); }; };
		32D5BD3D2780C8AB00421102 /* IntentsDefinition.intentdefinition in Sources */ = {isa = PBXBuildFile; fileRef = 32D5BD3C2780C8AB00421102 /* IntentsDefinition.intentdefinition */; };
		32D5BD492780CAB900421102 /* UUIDIntentHandler.swift in Sources */ = {isa = PBXBuildFile; fileRef = 32D5BD472780CAB900421102 /* UUIDIntentHandler.swift */; };
/* End PBXBuildFile section */

/* Begin PBXContainerItemProxy section */
		32D17B892781036B00BFB702 /* PBXContainerItemProxy */ = {
			isa = PBXContainerItemProxy;
			containerPortal = 32D5BCF02780C5B200421102 /* Project object */;
			proxyType = 1;
			remoteGlobalIDString = 32D5BCF72780C5B200421102;
			remoteInfo = OpenActions;
		};
		32D5BD332780C81E00421102 /* PBXContainerItemProxy */ = {
			isa = PBXContainerItemProxy;
			containerPortal = 32D5BCF02780C5B200421102 /* Project object */;
			proxyType = 1;
			remoteGlobalIDString = 32D5BD2A2780C81E00421102;
			remoteInfo = IntentsExtension;
		};
/* End PBXContainerItemProxy section */

/* Begin PBXCopyFilesBuildPhase section */
		32D5BD392780C81E00421102 /* Embed App Extensions */ = {
			isa = PBXCopyFilesBuildPhase;
			buildActionMask = 2147483647;
			dstPath = "";
			dstSubfolderSpec = 13;
			files = (
				32D5BD352780C81E00421102 /* IntentsExtension.appex in Embed App Extensions */,
			);
			name = "Embed App Extensions";
			runOnlyForDeploymentPostprocessing = 0;
		};
/* End PBXCopyFilesBuildPhase section */

/* Begin PBXFileReference section */
		3279F27127820D24000482B6 /* TimeIntervalSinceHandler.swift */ = {isa = PBXFileReference; lastKnownFileType = sourcecode.swift; path = TimeIntervalSinceHandler.swift; sourceTree = "<group>"; };
		3279F274278215C5000482B6 /* URLQueryIntentHandler.swift */ = {isa = PBXFileReference; lastKnownFileType = sourcecode.swift; path = URLQueryIntentHandler.swift; sourceTree = "<group>"; };
		3284B994278786E500D79EB8 /* MainApplication */ = {isa = PBXFileReference; lastKnownFileType = folder; path = MainApplication; sourceTree = "<group>"; };
		32D17B792780F19C00BFB702 /* IntentsExtension.entitlements */ = {isa = PBXFileReference; fileEncoding = 4; lastKnownFileType = text.plist.entitlements; path = IntentsExtension.entitlements; sourceTree = "<group>"; };
		32D17B7C2780FF9700BFB702 /* Info.plist */ = {isa = PBXFileReference; lastKnownFileType = text.plist; path = Info.plist; sourceTree = "<group>"; };
		32D17B852781036B00BFB702 /* OpenActionsTests.xctest */ = {isa = PBXFileReference; explicitFileType = wrapper.cfbundle; includeInIndex = 0; path = OpenActionsTests.xctest; sourceTree = BUILT_PRODUCTS_DIR; };
		32D5BCF82780C5B200421102 /* Open Actions.app */ = {isa = PBXFileReference; explicitFileType = wrapper.application; includeInIndex = 0; path = "Open Actions.app"; sourceTree = BUILT_PRODUCTS_DIR; };
		32D5BCFB2780C5B200421102 /* OpenActionsApp.swift */ = {isa = PBXFileReference; lastKnownFileType = sourcecode.swift; path = OpenActionsApp.swift; sourceTree = "<group>"; };
		32D5BCFF2780C5B300421102 /* Assets.xcassets */ = {isa = PBXFileReference; lastKnownFileType = folder.assetcatalog; path = Assets.xcassets; sourceTree = "<group>"; };
		32D5BD022780C5B300421102 /* Preview Assets.xcassets */ = {isa = PBXFileReference; lastKnownFileType = folder.assetcatalog; path = "Preview Assets.xcassets"; sourceTree = "<group>"; };
		32D5BD252780C71900421102 /* OpenActions.entitlements */ = {isa = PBXFileReference; lastKnownFileType = text.plist.entitlements; path = OpenActions.entitlements; sourceTree = "<group>"; };
		32D5BD2B2780C81E00421102 /* IntentsExtension.appex */ = {isa = PBXFileReference; explicitFileType = "wrapper.app-extension"; includeInIndex = 0; path = IntentsExtension.appex; sourceTree = BUILT_PRODUCTS_DIR; };
		32D5BD2D2780C81E00421102 /* Intents.framework */ = {isa = PBXFileReference; lastKnownFileType = wrapper.framework; name = Intents.framework; path = System/Library/Frameworks/Intents.framework; sourceTree = SDKROOT; };
		32D5BD302780C81E00421102 /* IntentHandler.swift */ = {isa = PBXFileReference; lastKnownFileType = sourcecode.swift; path = IntentHandler.swift; sourceTree = "<group>"; };
		32D5BD322780C81E00421102 /* Info.plist */ = {isa = PBXFileReference; lastKnownFileType = text.plist.xml; path = Info.plist; sourceTree = "<group>"; };
		32D5BD3C2780C8AB00421102 /* IntentsDefinition.intentdefinition */ = {isa = PBXFileReference; lastKnownFileType = file.intentdefinition; path = IntentsDefinition.intentdefinition; sourceTree = "<group>"; };
		32D5BD3F2780C98400421102 /* IntentsUseCases */ = {isa = PBXFileReference; lastKnownFileType = folder; path = IntentsUseCases; sourceTree = "<group>"; };
		32D5BD462780CAB900421102 /* UUIDIntentHandlerTests.swift */ = {isa = PBXFileReference; fileEncoding = 4; lastKnownFileType = sourcecode.swift; path = UUIDIntentHandlerTests.swift; sourceTree = "<group>"; };
		32D5BD472780CAB900421102 /* UUIDIntentHandler.swift */ = {isa = PBXFileReference; fileEncoding = 4; lastKnownFileType = sourcecode.swift; path = UUIDIntentHandler.swift; sourceTree = "<group>"; };
/* End PBXFileReference section */

/* Begin PBXFrameworksBuildPhase section */
		32D17B822781036B00BFB702 /* Frameworks */ = {
			isa = PBXFrameworksBuildPhase;
			buildActionMask = 2147483647;
			files = (
				3279F26F27810C57000482B6 /* Intents.framework in Frameworks */,
				32D17B902781044500BFB702 /* IntentsUseCases in Frameworks */,
			);
			runOnlyForDeploymentPostprocessing = 0;
		};
		32D5BCF52780C5B200421102 /* Frameworks */ = {
			isa = PBXFrameworksBuildPhase;
			buildActionMask = 2147483647;
			files = (
				3284B996278792BB00D79EB8 /* MainApplication in Frameworks */,
			);
			runOnlyForDeploymentPostprocessing = 0;
		};
		32D5BD282780C81E00421102 /* Frameworks */ = {
			isa = PBXFrameworksBuildPhase;
			buildActionMask = 2147483647;
			files = (
				32D17B922781059000BFB702 /* IntentsUseCases in Frameworks */,
				32D17B782780CDB100BFB702 /* Intents.framework in Frameworks */,
			);
			runOnlyForDeploymentPostprocessing = 0;
		};
/* End PBXFrameworksBuildPhase section */

/* Begin PBXGroup section */
		3279F2702781A4CA000482B6 /* TimeIntervalSince */ = {
			isa = PBXGroup;
			children = (
				3279F27127820D24000482B6 /* TimeIntervalSinceHandler.swift */,
			);
			path = TimeIntervalSince;
			sourceTree = "<group>";
		};
		3279F273278215A8000482B6 /* URLQuery */ = {
			isa = PBXGroup;
			children = (
				3279F274278215C5000482B6 /* URLQueryIntentHandler.swift */,
			);
			path = URLQuery;
			sourceTree = "<group>";
		};
		32D5BCEF2780C5B200421102 = {
			isa = PBXGroup;
			children = (
				32D5BD3E2780C95A00421102 /* Packages */,
				32D5BCFA2780C5B200421102 /* OpenActions */,
				32D5BD2F2780C81E00421102 /* IntentsExtension */,
				32D5BD2C2780C81E00421102 /* Frameworks */,
				32D5BCF92780C5B200421102 /* Products */,
			);
			sourceTree = "<group>";
		};
		32D5BCF92780C5B200421102 /* Products */ = {
			isa = PBXGroup;
			children = (
				32D5BCF82780C5B200421102 /* Open Actions.app */,
				32D5BD2B2780C81E00421102 /* IntentsExtension.appex */,
				32D17B852781036B00BFB702 /* OpenActionsTests.xctest */,
			);
			name = Products;
			sourceTree = "<group>";
		};
		32D5BCFA2780C5B200421102 /* OpenActions */ = {
			isa = PBXGroup;
			children = (
				32D17B7C2780FF9700BFB702 /* Info.plist */,
				32D5BD252780C71900421102 /* OpenActions.entitlements */,
				32D5BCFB2780C5B200421102 /* OpenActionsApp.swift */,
				32D5BCFF2780C5B300421102 /* Assets.xcassets */,
				32D5BD012780C5B300421102 /* Preview Content */,
			);
			path = OpenActions;
			sourceTree = "<group>";
		};
		32D5BD012780C5B300421102 /* Preview Content */ = {
			isa = PBXGroup;
			children = (
				32D5BD022780C5B300421102 /* Preview Assets.xcassets */,
			);
			path = "Preview Content";
			sourceTree = "<group>";
		};
		32D5BD2C2780C81E00421102 /* Frameworks */ = {
			isa = PBXGroup;
			children = (
				32D5BD2D2780C81E00421102 /* Intents.framework */,
			);
			name = Frameworks;
			sourceTree = "<group>";
		};
		32D5BD2F2780C81E00421102 /* IntentsExtension */ = {
			isa = PBXGroup;
			children = (
				32D5BD442780CA9800421102 /* Handlers */,
				32D5BD3C2780C8AB00421102 /* IntentsDefinition.intentdefinition */,
				32D5BD302780C81E00421102 /* IntentHandler.swift */,
				32D17B792780F19C00BFB702 /* IntentsExtension.entitlements */,
				32D5BD322780C81E00421102 /* Info.plist */,
			);
			path = IntentsExtension;
			sourceTree = "<group>";
		};
		32D5BD3E2780C95A00421102 /* Packages */ = {
			isa = PBXGroup;
			children = (
				32D5BD3F2780C98400421102 /* IntentsUseCases */,
				3284B994278786E500D79EB8 /* MainApplication */,
			);
			path = Packages;
			sourceTree = "<group>";
		};
		32D5BD442780CA9800421102 /* Handlers */ = {
			isa = PBXGroup;
			children = (
				3279F2702781A4CA000482B6 /* TimeIntervalSince */,
				3279F273278215A8000482B6 /* URLQuery */,
				32D5BD452780CAA000421102 /* UUID */,
			);
			path = Handlers;
			sourceTree = "<group>";
		};
		32D5BD452780CAA000421102 /* UUID */ = {
			isa = PBXGroup;
			children = (
				32D5BD472780CAB900421102 /* UUIDIntentHandler.swift */,
				32D5BD462780CAB900421102 /* UUIDIntentHandlerTests.swift */,
			);
			path = UUID;
			sourceTree = "<group>";
		};
/* End PBXGroup section */

/* Begin PBXNativeTarget section */
		32D17B842781036B00BFB702 /* OpenActionsTests */ = {
			isa = PBXNativeTarget;
			buildConfigurationList = 32D17B8B2781036B00BFB702 /* Build configuration list for PBXNativeTarget "OpenActionsTests" */;
			buildPhases = (
				32D17B812781036B00BFB702 /* Sources */,
				32D17B822781036B00BFB702 /* Frameworks */,
				32D17B832781036B00BFB702 /* Resources */,
			);
			buildRules = (
			);
			dependencies = (
				32D17B8A2781036B00BFB702 /* PBXTargetDependency */,
			);
			name = OpenActionsTests;
			packageProductDependencies = (
				32D17B8F2781044500BFB702 /* IntentsUseCases */,
			);
			productName = OpenActionsTests;
			productReference = 32D17B852781036B00BFB702 /* OpenActionsTests.xctest */;
			productType = "com.apple.product-type.bundle.unit-test";
		};
		32D5BCF72780C5B200421102 /* OpenActions */ = {
			isa = PBXNativeTarget;
			buildConfigurationList = 32D5BD1C2780C5B300421102 /* Build configuration list for PBXNativeTarget "OpenActions" */;
			buildPhases = (
				32D5BCF42780C5B200421102 /* Sources */,
				32D5BCF52780C5B200421102 /* Frameworks */,
				32D5BCF62780C5B200421102 /* Resources */,
				32D5BD392780C81E00421102 /* Embed App Extensions */,
			);
			buildRules = (
			);
			dependencies = (
				32D5BD342780C81E00421102 /* PBXTargetDependency */,
			);
			name = OpenActions;
			packageProductDependencies = (
				3284B995278792BB00D79EB8 /* MainApplication */,
			);
			productName = OpenActions;
			productReference = 32D5BCF82780C5B200421102 /* Open Actions.app */;
			productType = "com.apple.product-type.application";
		};
		32D5BD2A2780C81E00421102 /* IntentsExtension */ = {
			isa = PBXNativeTarget;
			buildConfigurationList = 32D5BD362780C81E00421102 /* Build configuration list for PBXNativeTarget "IntentsExtension" */;
			buildPhases = (
				32D5BD272780C81E00421102 /* Sources */,
				32D5BD282780C81E00421102 /* Frameworks */,
				32D5BD292780C81E00421102 /* Resources */,
			);
			buildRules = (
			);
			dependencies = (
			);
			name = IntentsExtension;
			packageProductDependencies = (
				32D17B912781059000BFB702 /* IntentsUseCases */,
			);
			productName = IntentsExtension;
			productReference = 32D5BD2B2780C81E00421102 /* IntentsExtension.appex */;
			productType = "com.apple.product-type.app-extension";
		};
/* End PBXNativeTarget section */

/* Begin PBXProject section */
		32D5BCF02780C5B200421102 /* Project object */ = {
			isa = PBXProject;
			attributes = {
				BuildIndependentTargetsInParallel = 1;
				LastSwiftUpdateCheck = 1310;
				LastUpgradeCheck = 1310;
				TargetAttributes = {
					32D17B842781036B00BFB702 = {
						CreatedOnToolsVersion = 13.1;
						TestTargetID = 32D5BCF72780C5B200421102;
					};
					32D5BCF72780C5B200421102 = {
						CreatedOnToolsVersion = 13.1;
					};
					32D5BD2A2780C81E00421102 = {
						CreatedOnToolsVersion = 13.1;
					};
				};
			};
			buildConfigurationList = 32D5BCF32780C5B200421102 /* Build configuration list for PBXProject "OpenActions" */;
			compatibilityVersion = "Xcode 13.0";
			developmentRegion = en;
			hasScannedForEncodings = 0;
			knownRegions = (
				en,
				Base,
			);
			mainGroup = 32D5BCEF2780C5B200421102;
			productRefGroup = 32D5BCF92780C5B200421102 /* Products */;
			projectDirPath = "";
			projectRoot = "";
			targets = (
				32D5BCF72780C5B200421102 /* OpenActions */,
				32D5BD2A2780C81E00421102 /* IntentsExtension */,
				32D17B842781036B00BFB702 /* OpenActionsTests */,
			);
		};
/* End PBXProject section */

/* Begin PBXResourcesBuildPhase section */
		32D17B832781036B00BFB702 /* Resources */ = {
			isa = PBXResourcesBuildPhase;
			buildActionMask = 2147483647;
			files = (
			);
			runOnlyForDeploymentPostprocessing = 0;
		};
		32D5BCF62780C5B200421102 /* Resources */ = {
			isa = PBXResourcesBuildPhase;
			buildActionMask = 2147483647;
			files = (
				32D5BD032780C5B300421102 /* Preview Assets.xcassets in Resources */,
				32D5BD002780C5B300421102 /* Assets.xcassets in Resources */,
			);
			runOnlyForDeploymentPostprocessing = 0;
		};
		32D5BD292780C81E00421102 /* Resources */ = {
			isa = PBXResourcesBuildPhase;
			buildActionMask = 2147483647;
			files = (
			);
			runOnlyForDeploymentPostprocessing = 0;
		};
/* End PBXResourcesBuildPhase section */

/* Begin PBXSourcesBuildPhase section */
		32D17B812781036B00BFB702 /* Sources */ = {
			isa = PBXSourcesBuildPhase;
			buildActionMask = 2147483647;
			files = (
				32D17B8E2781038600BFB702 /* UUIDIntentHandlerTests.swift in Sources */,
			);
			runOnlyForDeploymentPostprocessing = 0;
		};
		32D5BCF42780C5B200421102 /* Sources */ = {
			isa = PBXSourcesBuildPhase;
			buildActionMask = 2147483647;
			files = (
				32D17B962781077100BFB702 /* IntentsDefinition.intentdefinition in Sources */,
				32D5BCFC2780C5B200421102 /* OpenActionsApp.swift in Sources */,
			);
			runOnlyForDeploymentPostprocessing = 0;
		};
		32D5BD272780C81E00421102 /* Sources */ = {
			isa = PBXSourcesBuildPhase;
			buildActionMask = 2147483647;
			files = (
				3279F275278215C5000482B6 /* URLQueryIntentHandler.swift in Sources */,
				32D5BD312780C81E00421102 /* IntentHandler.swift in Sources */,
				3279F27227820D24000482B6 /* TimeIntervalSinceHandler.swift in Sources */,
				32D5BD492780CAB900421102 /* UUIDIntentHandler.swift in Sources */,
				32D5BD3D2780C8AB00421102 /* IntentsDefinition.intentdefinition in Sources */,
			);
			runOnlyForDeploymentPostprocessing = 0;
		};
/* End PBXSourcesBuildPhase section */

/* Begin PBXTargetDependency section */
		32D17B8A2781036B00BFB702 /* PBXTargetDependency */ = {
			isa = PBXTargetDependency;
			target = 32D5BCF72780C5B200421102 /* OpenActions */;
			targetProxy = 32D17B892781036B00BFB702 /* PBXContainerItemProxy */;
		};
		32D5BD342780C81E00421102 /* PBXTargetDependency */ = {
			isa = PBXTargetDependency;
			target = 32D5BD2A2780C81E00421102 /* IntentsExtension */;
			targetProxy = 32D5BD332780C81E00421102 /* PBXContainerItemProxy */;
		};
/* End PBXTargetDependency section */

/* Begin XCBuildConfiguration section */
		32D17B8C2781036B00BFB702 /* Debug */ = {
			isa = XCBuildConfiguration;
			buildSettings = {
				BUNDLE_LOADER = "$(TEST_HOST)";
				CODE_SIGN_STYLE = Automatic;
				CURRENT_PROJECT_VERSION = 113;
				DEVELOPMENT_TEAM = 252ALU38HU;
				GENERATE_INFOPLIST_FILE = YES;
				LD_RUNPATH_SEARCH_PATHS = (
					"$(inherited)",
					"@executable_path/Frameworks",
					"@loader_path/Frameworks",
				);
				MARKETING_VERSION = 1.0;
				PRODUCT_BUNDLE_IDENTIFIER = com.abiaad.OpenActionsTests;
				PRODUCT_NAME = "$(TARGET_NAME)";
				SWIFT_EMIT_LOC_STRINGS = NO;
				SWIFT_VERSION = 5.0;
				TARGETED_DEVICE_FAMILY = "1,2";
				TEST_HOST = "$(BUILT_PRODUCTS_DIR)/Open Actions.app/Open Actions";
			};
			name = Debug;
		};
		32D17B8D2781036B00BFB702 /* Release */ = {
			isa = XCBuildConfiguration;
			buildSettings = {
				BUNDLE_LOADER = "$(TEST_HOST)";
				CODE_SIGN_STYLE = Automatic;
				CURRENT_PROJECT_VERSION = 113;
				DEVELOPMENT_TEAM = 252ALU38HU;
				GENERATE_INFOPLIST_FILE = YES;
				LD_RUNPATH_SEARCH_PATHS = (
					"$(inherited)",
					"@executable_path/Frameworks",
					"@loader_path/Frameworks",
				);
				MARKETING_VERSION = 1.0;
				PRODUCT_BUNDLE_IDENTIFIER = com.abiaad.OpenActionsTests;
				PRODUCT_NAME = "$(TARGET_NAME)";
				SWIFT_EMIT_LOC_STRINGS = NO;
				SWIFT_VERSION = 5.0;
				TARGETED_DEVICE_FAMILY = "1,2";
				TEST_HOST = "$(BUILT_PRODUCTS_DIR)/Open Actions.app/Open Actions";
			};
			name = Release;
		};
		32D5BD1A2780C5B300421102 /* Debug */ = {
			isa = XCBuildConfiguration;
			buildSettings = {
				ALWAYS_SEARCH_USER_PATHS = NO;
				CLANG_ANALYZER_NONNULL = YES;
				CLANG_ANALYZER_NUMBER_OBJECT_CONVERSION = YES_AGGRESSIVE;
				CLANG_CXX_LANGUAGE_STANDARD = "gnu++17";
				CLANG_CXX_LIBRARY = "libc++";
				CLANG_ENABLE_MODULES = YES;
				CLANG_ENABLE_OBJC_ARC = YES;
				CLANG_ENABLE_OBJC_WEAK = YES;
				CLANG_WARN_BLOCK_CAPTURE_AUTORELEASING = YES;
				CLANG_WARN_BOOL_CONVERSION = YES;
				CLANG_WARN_COMMA = YES;
				CLANG_WARN_CONSTANT_CONVERSION = YES;
				CLANG_WARN_DEPRECATED_OBJC_IMPLEMENTATIONS = YES;
				CLANG_WARN_DIRECT_OBJC_ISA_USAGE = YES_ERROR;
				CLANG_WARN_DOCUMENTATION_COMMENTS = YES;
				CLANG_WARN_EMPTY_BODY = YES;
				CLANG_WARN_ENUM_CONVERSION = YES;
				CLANG_WARN_INFINITE_RECURSION = YES;
				CLANG_WARN_INT_CONVERSION = YES;
				CLANG_WARN_NON_LITERAL_NULL_CONVERSION = YES;
				CLANG_WARN_OBJC_IMPLICIT_RETAIN_SELF = YES;
				CLANG_WARN_OBJC_LITERAL_CONVERSION = YES;
				CLANG_WARN_OBJC_ROOT_CLASS = YES_ERROR;
				CLANG_WARN_QUOTED_INCLUDE_IN_FRAMEWORK_HEADER = YES;
				CLANG_WARN_RANGE_LOOP_ANALYSIS = YES;
				CLANG_WARN_STRICT_PROTOTYPES = YES;
				CLANG_WARN_SUSPICIOUS_MOVE = YES;
				CLANG_WARN_UNGUARDED_AVAILABILITY = YES_AGGRESSIVE;
				CLANG_WARN_UNREACHABLE_CODE = YES;
				CLANG_WARN__DUPLICATE_METHOD_MATCH = YES;
				COPY_PHASE_STRIP = NO;
				DEBUG_INFORMATION_FORMAT = dwarf;
				ENABLE_STRICT_OBJC_MSGSEND = YES;
				ENABLE_TESTABILITY = YES;
				GCC_C_LANGUAGE_STANDARD = gnu11;
				GCC_DYNAMIC_NO_PIC = NO;
				GCC_NO_COMMON_BLOCKS = YES;
				GCC_OPTIMIZATION_LEVEL = 0;
				GCC_PREPROCESSOR_DEFINITIONS = (
					"DEBUG=1",
					"$(inherited)",
				);
				GCC_WARN_64_TO_32_BIT_CONVERSION = YES;
				GCC_WARN_ABOUT_RETURN_TYPE = YES_ERROR;
				GCC_WARN_UNDECLARED_SELECTOR = YES;
				GCC_WARN_UNINITIALIZED_AUTOS = YES_AGGRESSIVE;
				GCC_WARN_UNUSED_FUNCTION = YES;
				GCC_WARN_UNUSED_VARIABLE = YES;
				IPHONEOS_DEPLOYMENT_TARGET = 15.0;
				MTL_ENABLE_DEBUG_INFO = INCLUDE_SOURCE;
				MTL_FAST_MATH = YES;
				ONLY_ACTIVE_ARCH = YES;
				SDKROOT = iphoneos;
				SWIFT_ACTIVE_COMPILATION_CONDITIONS = DEBUG;
				SWIFT_OPTIMIZATION_LEVEL = "-Onone";
			};
			name = Debug;
		};
		32D5BD1B2780C5B300421102 /* Release */ = {
			isa = XCBuildConfiguration;
			buildSettings = {
				ALWAYS_SEARCH_USER_PATHS = NO;
				CLANG_ANALYZER_NONNULL = YES;
				CLANG_ANALYZER_NUMBER_OBJECT_CONVERSION = YES_AGGRESSIVE;
				CLANG_CXX_LANGUAGE_STANDARD = "gnu++17";
				CLANG_CXX_LIBRARY = "libc++";
				CLANG_ENABLE_MODULES = YES;
				CLANG_ENABLE_OBJC_ARC = YES;
				CLANG_ENABLE_OBJC_WEAK = YES;
				CLANG_WARN_BLOCK_CAPTURE_AUTORELEASING = YES;
				CLANG_WARN_BOOL_CONVERSION = YES;
				CLANG_WARN_COMMA = YES;
				CLANG_WARN_CONSTANT_CONVERSION = YES;
				CLANG_WARN_DEPRECATED_OBJC_IMPLEMENTATIONS = YES;
				CLANG_WARN_DIRECT_OBJC_ISA_USAGE = YES_ERROR;
				CLANG_WARN_DOCUMENTATION_COMMENTS = YES;
				CLANG_WARN_EMPTY_BODY = YES;
				CLANG_WARN_ENUM_CONVERSION = YES;
				CLANG_WARN_INFINITE_RECURSION = YES;
				CLANG_WARN_INT_CONVERSION = YES;
				CLANG_WARN_NON_LITERAL_NULL_CONVERSION = YES;
				CLANG_WARN_OBJC_IMPLICIT_RETAIN_SELF = YES;
				CLANG_WARN_OBJC_LITERAL_CONVERSION = YES;
				CLANG_WARN_OBJC_ROOT_CLASS = YES_ERROR;
				CLANG_WARN_QUOTED_INCLUDE_IN_FRAMEWORK_HEADER = YES;
				CLANG_WARN_RANGE_LOOP_ANALYSIS = YES;
				CLANG_WARN_STRICT_PROTOTYPES = YES;
				CLANG_WARN_SUSPICIOUS_MOVE = YES;
				CLANG_WARN_UNGUARDED_AVAILABILITY = YES_AGGRESSIVE;
				CLANG_WARN_UNREACHABLE_CODE = YES;
				CLANG_WARN__DUPLICATE_METHOD_MATCH = YES;
				COPY_PHASE_STRIP = NO;
				DEBUG_INFORMATION_FORMAT = "dwarf-with-dsym";
				ENABLE_NS_ASSERTIONS = NO;
				ENABLE_STRICT_OBJC_MSGSEND = YES;
				GCC_C_LANGUAGE_STANDARD = gnu11;
				GCC_NO_COMMON_BLOCKS = YES;
				GCC_WARN_64_TO_32_BIT_CONVERSION = YES;
				GCC_WARN_ABOUT_RETURN_TYPE = YES_ERROR;
				GCC_WARN_UNDECLARED_SELECTOR = YES;
				GCC_WARN_UNINITIALIZED_AUTOS = YES_AGGRESSIVE;
				GCC_WARN_UNUSED_FUNCTION = YES;
				GCC_WARN_UNUSED_VARIABLE = YES;
				IPHONEOS_DEPLOYMENT_TARGET = 15.0;
				MTL_ENABLE_DEBUG_INFO = NO;
				MTL_FAST_MATH = YES;
				SDKROOT = iphoneos;
				SWIFT_COMPILATION_MODE = wholemodule;
				SWIFT_OPTIMIZATION_LEVEL = "-O";
				VALIDATE_PRODUCT = YES;
			};
			name = Release;
		};
		32D5BD1D2780C5B300421102 /* Debug */ = {
			isa = XCBuildConfiguration;
			buildSettings = {
				ALWAYS_EMBED_SWIFT_STANDARD_LIBRARIES = YES;
				ASSETCATALOG_COMPILER_APPICON_NAME = AppIcon;
				CODE_SIGN_ENTITLEMENTS = OpenActions/OpenActions.entitlements;
				CODE_SIGN_IDENTITY = "Apple Development";
				CODE_SIGN_STYLE = Automatic;
				CURRENT_PROJECT_VERSION = 113;
				DEVELOPMENT_ASSET_PATHS = "\"OpenActions/Preview Content\"";
				DEVELOPMENT_TEAM = 252ALU38HU;
				ENABLE_PREVIEWS = YES;
				GENERATE_INFOPLIST_FILE = YES;
				INFOPLIST_FILE = OpenActions/Info.plist;
				INFOPLIST_KEY_UIApplicationSceneManifest_Generation = YES;
				INFOPLIST_KEY_UIApplicationSupportsIndirectInputEvents = YES;
				INFOPLIST_KEY_UILaunchScreen_Generation = YES;
				INFOPLIST_KEY_UISupportedInterfaceOrientations_iPad = "UIInterfaceOrientationPortrait UIInterfaceOrientationPortraitUpsideDown UIInterfaceOrientationLandscapeLeft UIInterfaceOrientationLandscapeRight";
				INFOPLIST_KEY_UISupportedInterfaceOrientations_iPhone = "UIInterfaceOrientationPortrait UIInterfaceOrientationLandscapeLeft UIInterfaceOrientationLandscapeRight";
				LD_RUNPATH_SEARCH_PATHS = (
					"$(inherited)",
					"@executable_path/Frameworks",
				);
				MARKETING_VERSION = 1.0.0;
				PRODUCT_BUNDLE_IDENTIFIER = com.abiaad.openactions;
				PRODUCT_NAME = "Open Actions";
				PROVISIONING_PROFILE_SPECIFIER = "";
				SWIFT_EMIT_LOC_STRINGS = YES;
				SWIFT_VERSION = 5.0;
				TARGETED_DEVICE_FAMILY = "1,2";
			};
			name = Debug;
		};
		32D5BD1E2780C5B300421102 /* Release */ = {
			isa = XCBuildConfiguration;
			buildSettings = {
				ALWAYS_EMBED_SWIFT_STANDARD_LIBRARIES = YES;
				ASSETCATALOG_COMPILER_APPICON_NAME = AppIcon;
				CODE_SIGN_ENTITLEMENTS = OpenActions/OpenActions.entitlements;
				CODE_SIGN_IDENTITY = "Apple Development";
				CODE_SIGN_STYLE = Automatic;
				CURRENT_PROJECT_VERSION = 113;
				DEVELOPMENT_ASSET_PATHS = "\"OpenActions/Preview Content\"";
				DEVELOPMENT_TEAM = 252ALU38HU;
				ENABLE_PREVIEWS = YES;
				ENABLE_TESTABILITY = NO;
				GENERATE_INFOPLIST_FILE = YES;
				INFOPLIST_FILE = OpenActions/Info.plist;
				INFOPLIST_KEY_UIApplicationSceneManifest_Generation = YES;
				INFOPLIST_KEY_UIApplicationSupportsIndirectInputEvents = YES;
				INFOPLIST_KEY_UILaunchScreen_Generation = YES;
				INFOPLIST_KEY_UISupportedInterfaceOrientations_iPad = "UIInterfaceOrientationPortrait UIInterfaceOrientationPortraitUpsideDown UIInterfaceOrientationLandscapeLeft UIInterfaceOrientationLandscapeRight";
				INFOPLIST_KEY_UISupportedInterfaceOrientations_iPhone = "UIInterfaceOrientationPortrait UIInterfaceOrientationLandscapeLeft UIInterfaceOrientationLandscapeRight";
				LD_RUNPATH_SEARCH_PATHS = (
					"$(inherited)",
					"@executable_path/Frameworks",
				);
				MARKETING_VERSION = 1.0.0;
				PRODUCT_BUNDLE_IDENTIFIER = com.abiaad.openactions;
				PRODUCT_NAME = "Open Actions";
				PROVISIONING_PROFILE_SPECIFIER = "";
				SWIFT_EMIT_LOC_STRINGS = YES;
				SWIFT_VERSION = 5.0;
				TARGETED_DEVICE_FAMILY = "1,2";
			};
			name = Release;
		};
		32D5BD372780C81E00421102 /* Debug */ = {
			isa = XCBuildConfiguration;
			buildSettings = {
				CODE_SIGN_ENTITLEMENTS = IntentsExtension/IntentsExtension.entitlements;
				CODE_SIGN_IDENTITY = "Apple Development";
				CODE_SIGN_STYLE = Automatic;
				CURRENT_PROJECT_VERSION = 113;
				DEVELOPMENT_TEAM = 252ALU38HU;
				GENERATE_INFOPLIST_FILE = YES;
				INFOPLIST_FILE = IntentsExtension/Info.plist;
				INFOPLIST_KEY_CFBundleDisplayName = IntentsExtension;
				INFOPLIST_KEY_NSHumanReadableCopyright = "";
				LD_RUNPATH_SEARCH_PATHS = (
					"$(inherited)",
					"@executable_path/Frameworks",
					"@executable_path/../../Frameworks",
				);
				MARKETING_VERSION = 1.0.0;
				PRODUCT_BUNDLE_IDENTIFIER = com.abiaad.openactions.IntentsExtension;
				PRODUCT_NAME = "$(TARGET_NAME)";
				SKIP_INSTALL = YES;
				SWIFT_EMIT_LOC_STRINGS = YES;
				SWIFT_VERSION = 5.0;
				TARGETED_DEVICE_FAMILY = "1,2";
			};
			name = Debug;
		};
		32D5BD382780C81E00421102 /* Release */ = {
			isa = XCBuildConfiguration;
			buildSettings = {
				CODE_SIGN_ENTITLEMENTS = IntentsExtension/IntentsExtension.entitlements;
				CODE_SIGN_IDENTITY = "Apple Development";
				CODE_SIGN_STYLE = Automatic;
				CURRENT_PROJECT_VERSION = 113;
				DEVELOPMENT_TEAM = 252ALU38HU;
				ENABLE_TESTABILITY = NO;
				GENERATE_INFOPLIST_FILE = YES;
				INFOPLIST_FILE = IntentsExtension/Info.plist;
				INFOPLIST_KEY_CFBundleDisplayName = IntentsExtension;
				INFOPLIST_KEY_NSHumanReadableCopyright = "";
				LD_RUNPATH_SEARCH_PATHS = (
					"$(inherited)",
					"@executable_path/Frameworks",
					"@executable_path/../../Frameworks",
				);
				MARKETING_VERSION = 1.0.0;
				PRODUCT_BUNDLE_IDENTIFIER = com.abiaad.openactions.IntentsExtension;
				PRODUCT_NAME = "$(TARGET_NAME)";
				SKIP_INSTALL = YES;
				SWIFT_EMIT_LOC_STRINGS = YES;
				SWIFT_VERSION = 5.0;
				TARGETED_DEVICE_FAMILY = "1,2";
			};
			name = Release;
		};
/* End XCBuildConfiguration section */

/* Begin XCConfigurationList section */
		32D17B8B2781036B00BFB702 /* Build configuration list for PBXNativeTarget "OpenActionsTests" */ = {
			isa = XCConfigurationList;
			buildConfigurations = (
				32D17B8C2781036B00BFB702 /* Debug */,
				32D17B8D2781036B00BFB702 /* Release */,
			);
			defaultConfigurationIsVisible = 0;
			defaultConfigurationName = Release;
		};
		32D5BCF32780C5B200421102 /* Build configuration list for PBXProject "OpenActions" */ = {
			isa = XCConfigurationList;
			buildConfigurations = (
				32D5BD1A2780C5B300421102 /* Debug */,
				32D5BD1B2780C5B300421102 /* Release */,
			);
			defaultConfigurationIsVisible = 0;
			defaultConfigurationName = Release;
		};
		32D5BD1C2780C5B300421102 /* Build configuration list for PBXNativeTarget "OpenActions" */ = {
			isa = XCConfigurationList;
			buildConfigurations = (
				32D5BD1D2780C5B300421102 /* Debug */,
				32D5BD1E2780C5B300421102 /* Release */,
			);
			defaultConfigurationIsVisible = 0;
			defaultConfigurationName = Release;
		};
		32D5BD362780C81E00421102 /* Build configuration list for PBXNativeTarget "IntentsExtension" */ = {
			isa = XCConfigurationList;
			buildConfigurations = (
				32D5BD372780C81E00421102 /* Debug */,
				32D5BD382780C81E00421102 /* Release */,
			);
			defaultConfigurationIsVisible = 0;
			defaultConfigurationName = Release;
		};
/* End XCConfigurationList section */

/* Begin XCSwiftPackageProductDependency section */
		3284B995278792BB00D79EB8 /* MainApplication */ = {
			isa = XCSwiftPackageProductDependency;
			productName = MainApplication;
		};
		32D17B8F2781044500BFB702 /* IntentsUseCases */ = {
			isa = XCSwiftPackageProductDependency;
			productName = IntentsUseCases;
		};
		32D17B912781059000BFB702 /* IntentsUseCases */ = {
			isa = XCSwiftPackageProductDependency;
			productName = IntentsUseCases;
		};
/* End XCSwiftPackageProductDependency section */
	};
	rootObject = 32D5BCF02780C5B200421102 /* Project object */;
}
